PODS:
  - SwiftCTRLSDK (0.1.11)

DEPENDENCIES:
  - SwiftCTRLSDK (~> 0.1.11)

SPEC REPOS:
  https://github.com/SwiftCTRL/Podspecs.git:
    - SwiftCTRLSDK

SPEC CHECKSUMS:
  SwiftCTRLSDK: 252dc0ffb00cbb350ddba00d735ecdeb6c3941e7

PODFILE CHECKSUM: afa5d44340edb2766827b121698959c67f0183b2

COCOAPODS: 1.9.1
