PODS:
  - SwiftCTRLSDK (0.1.4)

DEPENDENCIES:
  - SwiftCTRLSDK (~> 0.1.4)

SPEC REPOS:
  https://github.com/SwiftCTRL/Podspecs.git:
    - SwiftCTRLSDK

SPEC CHECKSUMS:
  SwiftCTRLSDK: 79f19609e88916e6d1bd4d80b4e9a7c0e4e17926

PODFILE CHECKSUM: 0b418aeb654fac4f3282408a476730a6445dcc38

COCOAPODS: 1.9.1
