PODS:
  - SwiftCTRLSDK (0.1.5)

DEPENDENCIES:
  - SwiftCTRLSDK (~> 0.1.5)

SPEC REPOS:
  https://github.com/SwiftCTRL/Podspecs.git:
    - SwiftCTRLSDK

SPEC CHECKSUMS:
  SwiftCTRLSDK: d785de50fed143e245585aee7cd4f619e4bb579c

PODFILE CHECKSUM: 0657d0a99b2419b8a67643b0b525d70e75fe5948

COCOAPODS: 1.9.1
