// !$*UTF8*$!
{
	archiveVersion = 1;
	classes = {
	};
	objectVersion = 51;
	objects = {

/* Begin PBXBuildFile section */
		095585BE2551E28E009B632C /* AppDelegate.swift in Sources */ = {isa = PBXBuildFile; fileRef = 095585BD2551E28E009B632C /* AppDelegate.swift */; };
		095585C02551E28E009B632C /* SceneDelegate.swift in Sources */ = {isa = PBXBuildFile; fileRef = 095585BF2551E28E009B632C /* SceneDelegate.swift */; };
		095585C52551E28E009B632C /* Main.storyboard in Resources */ = {isa = PBXBuildFile; fileRef = 095585C32551E28E009B632C /* Main.storyboard */; };
		095585C72551E290009B632C /* Assets.xcassets in Resources */ = {isa = PBXBuildFile; fileRef = 095585C62551E290009B632C /* Assets.xcassets */; };
		095585CA2551E290009B632C /* LaunchScreen.storyboard in Resources */ = {isa = PBXBuildFile; fileRef = 095585C82551E290009B632C /* LaunchScreen.storyboard */; };
		095585FE2551E490009B632C /* QRViewController.swift in Sources */ = {isa = PBXBuildFile; fileRef = 095585FD2551E490009B632C /* QRViewController.swift */; };
		9EA7378016684EF586415DDA /* Pods_SwitchCTRLExample.framework in Frameworks */ = {isa = PBXBuildFile; fileRef = 23F46B91064EFD925923CE7D /* Pods_SwitchCTRLExample.framework */; };
/* End PBXBuildFile section */

/* Begin PBXFileReference section */
		095585BA2551E28E009B632C /* SwitchCTRLExample.app */ = {isa = PBXFileReference; explicitFileType = wrapper.application; includeInIndex = 0; path = SwitchCTRLExample.app; sourceTree = BUILT_PRODUCTS_DIR; };
		095585BD2551E28E009B632C /* AppDelegate.swift */ = {isa = PBXFileReference; lastKnownFileType = sourcecode.swift; path = AppDelegate.swift; sourceTree = "<group>"; };
		095585BF2551E28E009B632C /* SceneDelegate.swift */ = {isa = PBXFileReference; lastKnownFileType = sourcecode.swift; path = SceneDelegate.swift; sourceTree = "<group>"; };
		095585C42551E28E009B632C /* Base */ = {isa = PBXFileReference; lastKnownFileType = file.storyboard; name = Base; path = Base.lproj/Main.storyboard; sourceTree = "<group>"; };
		095585C62551E290009B632C /* Assets.xcassets */ = {isa = PBXFileReference; lastKnownFileType = folder.assetcatalog; path = Assets.xcassets; sourceTree = "<group>"; };
		095585C92551E290009B632C /* Base */ = {isa = PBXFileReference; lastKnownFileType = file.storyboard; name = Base; path = Base.lproj/LaunchScreen.storyboard; sourceTree = "<group>"; };
		095585CB2551E290009B632C /* Info.plist */ = {isa = PBXFileReference; lastKnownFileType = text.plist.xml; path = Info.plist; sourceTree = "<group>"; };
		095585FD2551E490009B632C /* QRViewController.swift */ = {isa = PBXFileReference; lastKnownFileType = sourcecode.swift; path = QRViewController.swift; sourceTree = "<group>"; };
		23F46B91064EFD925923CE7D /* Pods_SwitchCTRLExample.framework */ = {isa = PBXFileReference; explicitFileType = wrapper.framework; includeInIndex = 0; path = Pods_SwitchCTRLExample.framework; sourceTree = BUILT_PRODUCTS_DIR; };
		D7E218DAB2CCBF76168A50CC /* Pods-SwitchCTRLExample.release.xcconfig */ = {isa = PBXFileReference; includeInIndex = 1; lastKnownFileType = text.xcconfig; name = "Pods-SwitchCTRLExample.release.xcconfig"; path = "Target Support Files/Pods-SwitchCTRLExample/Pods-SwitchCTRLExample.release.xcconfig"; sourceTree = "<group>"; };
		E5065824F4C8097F77F97D27 /* Pods-SwitchCTRLExample.debug.xcconfig */ = {isa = PBXFileReference; includeInIndex = 1; lastKnownFileType = text.xcconfig; name = "Pods-SwitchCTRLExample.debug.xcconfig"; path = "Target Support Files/Pods-SwitchCTRLExample/Pods-SwitchCTRLExample.debug.xcconfig"; sourceTree = "<group>"; };
/* End PBXFileReference section */

/* Begin PBXFrameworksBuildPhase section */
		095585B72551E28E009B632C /* Frameworks */ = {
			isa = PBXFrameworksBuildPhase;
			buildActionMask = 2147483647;
			files = (
				9EA7378016684EF586415DDA /* Pods_SwitchCTRLExample.framework in Frameworks */,
			);
			runOnlyForDeploymentPostprocessing = 0;
		};
/* End PBXFrameworksBuildPhase section */

/* Begin PBXGroup section */
		095585B12551E28E009B632C = {
			isa = PBXGroup;
			children = (
				095585BC2551E28E009B632C /* SwitchCTRLExample */,
				095585BB2551E28E009B632C /* Products */,
				1E6337C9781C7C3C6E500ACB /* Pods */,
				5F89CE8E49FE7DFDBB23042A /* Frameworks */,
			);
			sourceTree = "<group>";
		};
		095585BB2551E28E009B632C /* Products */ = {
			isa = PBXGroup;
			children = (
				095585BA2551E28E009B632C /* SwitchCTRLExample.app */,
			);
			name = Products;
			sourceTree = "<group>";
		};
		095585BC2551E28E009B632C /* SwitchCTRLExample */ = {
			isa = PBXGroup;
			children = (
				095585BD2551E28E009B632C /* AppDelegate.swift */,
				095585BF2551E28E009B632C /* SceneDelegate.swift */,
				095585FD2551E490009B632C /* QRViewController.swift */,
				095585C32551E28E009B632C /* Main.storyboard */,
				095585C62551E290009B632C /* Assets.xcassets */,
				095585C82551E290009B632C /* LaunchScreen.storyboard */,
				095585CB2551E290009B632C /* Info.plist */,
			);
			path = SwitchCTRLExample;
			sourceTree = "<group>";
		};
		1E6337C9781C7C3C6E500ACB /* Pods */ = {
			isa = PBXGroup;
			children = (
				E5065824F4C8097F77F97D27 /* Pods-SwitchCTRLExample.debug.xcconfig */,
				D7E218DAB2CCBF76168A50CC /* Pods-SwitchCTRLExample.release.xcconfig */,
			);
			path = Pods;
			sourceTree = "<group>";
		};
		5F89CE8E49FE7DFDBB23042A /* Frameworks */ = {
			isa = PBXGroup;
			children = (
				23F46B91064EFD925923CE7D /* Pods_SwitchCTRLExample.framework */,
			);
			name = Frameworks;
			sourceTree = "<group>";
		};
/* End PBXGroup section */

/* Begin PBXNativeTarget section */
		095585B92551E28E009B632C /* SwitchCTRLExample */ = {
			isa = PBXNativeTarget;
			buildConfigurationList = 095585E42551E290009B632C /* Build configuration list for PBXNativeTarget "SwitchCTRLExample" */;
			buildPhases = (
				F821EDCFD108217E370C83F5 /* [CP] Check Pods Manifest.lock */,
				A24E5874CF3E2FB2ADB91BCF /* [CP] Prepare Artifacts */,
				095585B62551E28E009B632C /* Sources */,
				095585B72551E28E009B632C /* Frameworks */,
				095585B82551E28E009B632C /* Resources */,
				8854F12952664D195E703B02 /* [CP] Embed Pods Frameworks */,
			);
			buildRules = (
			);
			dependencies = (
			);
			name = SwitchCTRLExample;
			productName = SwitchCTRLExample;
			productReference = 095585BA2551E28E009B632C /* SwitchCTRLExample.app */;
			productType = "com.apple.product-type.application";
		};
/* End PBXNativeTarget section */

/* Begin PBXProject section */
		095585B22551E28E009B632C /* Project object */ = {
			isa = PBXProject;
			attributes = {
				LastSwiftUpdateCheck = 1210;
				LastUpgradeCheck = 1210;
				TargetAttributes = {
					095585B92551E28E009B632C = {
						CreatedOnToolsVersion = 12.1;
					};
				};
			};
			buildConfigurationList = 095585B52551E28E009B632C /* Build configuration list for PBXProject "SwitchCTRLExample" */;
			compatibilityVersion = "Xcode 9.3";
			developmentRegion = en;
			hasScannedForEncodings = 0;
			knownRegions = (
				en,
				Base,
			);
			mainGroup = 095585B12551E28E009B632C;
			productRefGroup = 095585BB2551E28E009B632C /* Products */;
			projectDirPath = "";
			projectRoot = "";
			targets = (
				095585B92551E28E009B632C /* SwitchCTRLExample */,
			);
		};
/* End PBXProject section */

/* Begin PBXResourcesBuildPhase section */
		095585B82551E28E009B632C /* Resources */ = {
			isa = PBXResourcesBuildPhase;
			buildActionMask = 2147483647;
			files = (
				095585CA2551E290009B632C /* LaunchScreen.storyboard in Resources */,
				095585C72551E290009B632C /* Assets.xcassets in Resources */,
				095585C52551E28E009B632C /* Main.storyboard in Resources */,
			);
			runOnlyForDeploymentPostprocessing = 0;
		};
/* End PBXResourcesBuildPhase section */

/* Begin PBXShellScriptBuildPhase section */
		8854F12952664D195E703B02 /* [CP] Embed Pods Frameworks */ = {
			isa = PBXShellScriptBuildPhase;
			buildActionMask = 2147483647;
			files = (
			);
			inputFileListPaths = (
				"${PODS_ROOT}/Target Support Files/Pods-SwitchCTRLExample/Pods-SwitchCTRLExample-frameworks-${CONFIGURATION}-input-files.xcfilelist",
			);
			name = "[CP] Embed Pods Frameworks";
			outputFileListPaths = (
				"${PODS_ROOT}/Target Support Files/Pods-SwitchCTRLExample/Pods-SwitchCTRLExample-frameworks-${CONFIGURATION}-output-files.xcfilelist",
			);
			runOnlyForDeploymentPostprocessing = 0;
			shellPath = /bin/sh;
			shellScript = "\"${PODS_ROOT}/Target Support Files/Pods-SwitchCTRLExample/Pods-SwitchCTRLExample-frameworks.sh\"\n";
			showEnvVarsInLog = 0;
		};
		A24E5874CF3E2FB2ADB91BCF /* [CP] Prepare Artifacts */ = {
			isa = PBXShellScriptBuildPhase;
			buildActionMask = 2147483647;
			files = (
			);
			inputFileListPaths = (
				"${PODS_ROOT}/Target Support Files/Pods-SwitchCTRLExample/Pods-SwitchCTRLExample-artifacts-${CONFIGURATION}-input-files.xcfilelist",
			);
			name = "[CP] Prepare Artifacts";
			outputFileListPaths = (
				"${PODS_ROOT}/Target Support Files/Pods-SwitchCTRLExample/Pods-SwitchCTRLExample-artifacts-${CONFIGURATION}-output-files.xcfilelist",
			);
			runOnlyForDeploymentPostprocessing = 0;
			shellPath = /bin/sh;
			shellScript = "\"${PODS_ROOT}/Target Support Files/Pods-SwitchCTRLExample/Pods-SwitchCTRLExample-artifacts.sh\"\n";
			showEnvVarsInLog = 0;
		};
		F821EDCFD108217E370C83F5 /* [CP] Check Pods Manifest.lock */ = {
			isa = PBXShellScriptBuildPhase;
			buildActionMask = 2147483647;
			files = (
			);
			inputFileListPaths = (
			);
			inputPaths = (
				"${PODS_PODFILE_DIR_PATH}/Podfile.lock",
				"${PODS_ROOT}/Manifest.lock",
			);
			name = "[CP] Check Pods Manifest.lock";
			outputFileListPaths = (
			);
			outputPaths = (
				"$(DERIVED_FILE_DIR)/Pods-SwitchCTRLExample-checkManifestLockResult.txt",
			);
			runOnlyForDeploymentPostprocessing = 0;
			shellPath = /bin/sh;
			shellScript = "diff \"${PODS_PODFILE_DIR_PATH}/Podfile.lock\" \"${PODS_ROOT}/Manifest.lock\" > /dev/null\nif [ $? != 0 ] ; then\n    # print error to STDERR\n    echo \"error: The sandbox is not in sync with the Podfile.lock. Run 'pod install' or update your CocoaPods installation.\" >&2\n    exit 1\nfi\n# This output is used by Xcode 'outputs' to avoid re-running this script phase.\necho \"SUCCESS\" > \"${SCRIPT_OUTPUT_FILE_0}\"\n";
			showEnvVarsInLog = 0;
		};
/* End PBXShellScriptBuildPhase section */

/* Begin PBXSourcesBuildPhase section */
		095585B62551E28E009B632C /* Sources */ = {
			isa = PBXSourcesBuildPhase;
			buildActionMask = 2147483647;
			files = (
				095585BE2551E28E009B632C /* AppDelegate.swift in Sources */,
				095585C02551E28E009B632C /* SceneDelegate.swift in Sources */,
				095585FE2551E490009B632C /* QRViewController.swift in Sources */,
			);
			runOnlyForDeploymentPostprocessing = 0;
		};
/* End PBXSourcesBuildPhase section */

/* Begin PBXVariantGroup section */
		095585C32551E28E009B632C /* Main.storyboard */ = {
			isa = PBXVariantGroup;
			children = (
				095585C42551E28E009B632C /* Base */,
			);
			name = Main.storyboard;
			sourceTree = "<group>";
		};
		095585C82551E290009B632C /* LaunchScreen.storyboard */ = {
			isa = PBXVariantGroup;
			children = (
				095585C92551E290009B632C /* Base */,
			);
			name = LaunchScreen.storyboard;
			sourceTree = "<group>";
		};
/* End PBXVariantGroup section */

/* Begin XCBuildConfiguration section */
		095585E22551E290009B632C /* Debug */ = {
			isa = XCBuildConfiguration;
			buildSettings = {
				ALWAYS_SEARCH_USER_PATHS = NO;
				CLANG_ANALYZER_NONNULL = YES;
				CLANG_ANALYZER_NUMBER_OBJECT_CONVERSION = YES_AGGRESSIVE;
				CLANG_CXX_LANGUAGE_STANDARD = "gnu++14";
				CLANG_CXX_LIBRARY = "libc++";
				CLANG_ENABLE_MODULES = YES;
				CLANG_ENABLE_OBJC_ARC = YES;
				CLANG_ENABLE_OBJC_WEAK = YES;
				CLANG_WARN_BLOCK_CAPTURE_AUTORELEASING = YES;
				CLANG_WARN_BOOL_CONVERSION = YES;
				CLANG_WARN_COMMA = YES;
				CLANG_WARN_CONSTANT_CONVERSION = YES;
				CLANG_WARN_DEPRECATED_OBJC_IMPLEMENTATIONS = YES;
				CLANG_WARN_DIRECT_OBJC_ISA_USAGE = YES_ERROR;
				CLANG_WARN_DOCUMENTATION_COMMENTS = YES;
				CLANG_WARN_EMPTY_BODY = YES;
				CLANG_WARN_ENUM_CONVERSION = YES;
				CLANG_WARN_INFINITE_RECURSION = YES;
				CLANG_WARN_INT_CONVERSION = YES;
				CLANG_WARN_NON_LITERAL_NULL_CONVERSION = YES;
				CLANG_WARN_OBJC_IMPLICIT_RETAIN_SELF = YES;
				CLANG_WARN_OBJC_LITERAL_CONVERSION = YES;
				CLANG_WARN_OBJC_ROOT_CLASS = YES_ERROR;
				CLANG_WARN_QUOTED_INCLUDE_IN_FRAMEWORK_HEADER = YES;
				CLANG_WARN_RANGE_LOOP_ANALYSIS = YES;
				CLANG_WARN_STRICT_PROTOTYPES = YES;
				CLANG_WARN_SUSPICIOUS_MOVE = YES;
				CLANG_WARN_UNGUARDED_AVAILABILITY = YES_AGGRESSIVE;
				CLANG_WARN_UNREACHABLE_CODE = YES;
				CLANG_WARN__DUPLICATE_METHOD_MATCH = YES;
				COPY_PHASE_STRIP = NO;
				DEAD_CODE_STRIPPING = NO;
				DEBUG_INFORMATION_FORMAT = dwarf;
				ENABLE_STRICT_OBJC_MSGSEND = YES;
				ENABLE_TESTABILITY = YES;
				GCC_C_LANGUAGE_STANDARD = gnu11;
				GCC_DYNAMIC_NO_PIC = NO;
				GCC_NO_COMMON_BLOCKS = YES;
				GCC_OPTIMIZATION_LEVEL = 0;
				GCC_PREPROCESSOR_DEFINITIONS = (
					"DEBUG=1",
					"$(inherited)",
				);
				GCC_WARN_64_TO_32_BIT_CONVERSION = YES;
				GCC_WARN_ABOUT_RETURN_TYPE = YES_ERROR;
				GCC_WARN_UNDECLARED_SELECTOR = YES;
				GCC_WARN_UNINITIALIZED_AUTOS = YES_AGGRESSIVE;
				GCC_WARN_UNUSED_FUNCTION = YES;
				GCC_WARN_UNUSED_VARIABLE = YES;
				IPHONEOS_DEPLOYMENT_TARGET = 13.0;
				MTL_ENABLE_DEBUG_INFO = INCLUDE_SOURCE;
				MTL_FAST_MATH = YES;
				ONLY_ACTIVE_ARCH = YES;
				SDKROOT = iphoneos;
				SWIFT_ACTIVE_COMPILATION_CONDITIONS = DEBUG;
				SWIFT_OPTIMIZATION_LEVEL = "-Onone";
			};
			name = Debug;
		};
		095585E32551E290009B632C /* Release */ = {
			isa = XCBuildConfiguration;
			buildSettings = {
				ALWAYS_SEARCH_USER_PATHS = NO;
				CLANG_ANALYZER_NONNULL = YES;
				CLANG_ANALYZER_NUMBER_OBJECT_CONVERSION = YES_AGGRESSIVE;
				CLANG_CXX_LANGUAGE_STANDARD = "gnu++14";
				CLANG_CXX_LIBRARY = "libc++";
				CLANG_ENABLE_MODULES = YES;
				CLANG_ENABLE_OBJC_ARC = YES;
				CLANG_ENABLE_OBJC_WEAK = YES;
				CLANG_WARN_BLOCK_CAPTURE_AUTORELEASING = YES;
				CLANG_WARN_BOOL_CONVERSION = YES;
				CLANG_WARN_COMMA = YES;
				CLANG_WARN_CONSTANT_CONVERSION = YES;
				CLANG_WARN_DEPRECATED_OBJC_IMPLEMENTATIONS = YES;
				CLANG_WARN_DIRECT_OBJC_ISA_USAGE = YES_ERROR;
				CLANG_WARN_DOCUMENTATION_COMMENTS = YES;
				CLANG_WARN_EMPTY_BODY = YES;
				CLANG_WARN_ENUM_CONVERSION = YES;
				CLANG_WARN_INFINITE_RECURSION = YES;
				CLANG_WARN_INT_CONVERSION = YES;
				CLANG_WARN_NON_LITERAL_NULL_CONVERSION = YES;
				CLANG_WARN_OBJC_IMPLICIT_RETAIN_SELF = YES;
				CLANG_WARN_OBJC_LITERAL_CONVERSION = YES;
				CLANG_WARN_OBJC_ROOT_CLASS = YES_ERROR;
				CLANG_WARN_QUOTED_INCLUDE_IN_FRAMEWORK_HEADER = YES;
				CLANG_WARN_RANGE_LOOP_ANALYSIS = YES;
				CLANG_WARN_STRICT_PROTOTYPES = YES;
				CLANG_WARN_SUSPICIOUS_MOVE = YES;
				CLANG_WARN_UNGUARDED_AVAILABILITY = YES_AGGRESSIVE;
				CLANG_WARN_UNREACHABLE_CODE = YES;
				CLANG_WARN__DUPLICATE_METHOD_MATCH = YES;
				COPY_PHASE_STRIP = NO;
				DEAD_CODE_STRIPPING = NO;
				DEBUG_INFORMATION_FORMAT = "dwarf-with-dsym";
				ENABLE_NS_ASSERTIONS = NO;
				ENABLE_STRICT_OBJC_MSGSEND = YES;
				GCC_C_LANGUAGE_STANDARD = gnu11;
				GCC_NO_COMMON_BLOCKS = YES;
				GCC_WARN_64_TO_32_BIT_CONVERSION = YES;
				GCC_WARN_ABOUT_RETURN_TYPE = YES_ERROR;
				GCC_WARN_UNDECLARED_SELECTOR = YES;
				GCC_WARN_UNINITIALIZED_AUTOS = YES_AGGRESSIVE;
				GCC_WARN_UNUSED_FUNCTION = YES;
				GCC_WARN_UNUSED_VARIABLE = YES;
				IPHONEOS_DEPLOYMENT_TARGET = 13.0;
				MTL_ENABLE_DEBUG_INFO = NO;
				MTL_FAST_MATH = YES;
				SDKROOT = iphoneos;
				SWIFT_COMPILATION_MODE = wholemodule;
				SWIFT_OPTIMIZATION_LEVEL = "-O";
				VALIDATE_PRODUCT = YES;
			};
			name = Release;
		};
		095585E52551E290009B632C /* Debug */ = {
			isa = XCBuildConfiguration;
			baseConfigurationReference = E5065824F4C8097F77F97D27 /* Pods-SwitchCTRLExample.debug.xcconfig */;
			buildSettings = {
				ASSETCATALOG_COMPILER_APPICON_NAME = AppIcon;
				ASSETCATALOG_COMPILER_GLOBAL_ACCENT_COLOR_NAME = AccentColor;
				CODE_SIGN_STYLE = Automatic;
				DEAD_CODE_STRIPPING = NO;
				DEVELOPMENT_TEAM = 7RKUPLD57D;
				INFOPLIST_FILE = SwitchCTRLExample/Info.plist;
				LD_RUNPATH_SEARCH_PATHS = (
					"$(inherited)",
					"@executable_path/Frameworks",
				);
				MARKETING_VERSION = 0.1.16;
				PRODUCT_BUNDLE_IDENTIFIER = com.SwitchCTRL.SwitchCTRLExample;
				PRODUCT_NAME = "$(TARGET_NAME)";
				SWIFT_VERSION = 5.0;
				TARGETED_DEVICE_FAMILY = "1,2";
			};
			name = Debug;
		};
		095585E62551E290009B632C /* Release */ = {
			isa = XCBuildConfiguration;
			baseConfigurationReference = D7E218DAB2CCBF76168A50CC /* Pods-SwitchCTRLExample.release.xcconfig */;
			buildSettings = {
				ASSETCATALOG_COMPILER_APPICON_NAME = AppIcon;
				ASSETCATALOG_COMPILER_GLOBAL_ACCENT_COLOR_NAME = AccentColor;
				CODE_SIGN_STYLE = Automatic;
				DEAD_CODE_STRIPPING = NO;
				DEVELOPMENT_TEAM = 7RKUPLD57D;
				INFOPLIST_FILE = SwitchCTRLExample/Info.plist;
				LD_RUNPATH_SEARCH_PATHS = (
					"$(inherited)",
					"@executable_path/Frameworks",
				);
				MARKETING_VERSION = 0.1.16;
				PRODUCT_BUNDLE_IDENTIFIER = com.SwitchCTRL.SwitchCTRLExample;
				PRODUCT_NAME = "$(TARGET_NAME)";
				SWIFT_VERSION = 5.0;
				TARGETED_DEVICE_FAMILY = "1,2";
			};
			name = Release;
		};
/* End XCBuildConfiguration section */

/* Begin XCConfigurationList section */
		095585B52551E28E009B632C /* Build configuration list for PBXProject "SwitchCTRLExample" */ = {
			isa = XCConfigurationList;
			buildConfigurations = (
				095585E22551E290009B632C /* Debug */,
				095585E32551E290009B632C /* Release */,
			);
			defaultConfigurationIsVisible = 0;
			defaultConfigurationName = Release;
		};
		095585E42551E290009B632C /* Build configuration list for PBXNativeTarget "SwitchCTRLExample" */ = {
			isa = XCConfigurationList;
			buildConfigurations = (
				095585E52551E290009B632C /* Debug */,
				095585E62551E290009B632C /* Release */,
			);
			defaultConfigurationIsVisible = 0;
			defaultConfigurationName = Release;
		};
/* End XCConfigurationList section */
	};
	rootObject = 095585B22551E28E009B632C /* Project object */;
}
